
Microsoft Visual Studio Solution File, Format Version 12.00
# Visual Studio Version 17
VisualStudioVersion = 17.7.34009.444
MinimumVisualStudioVersion = 10.0.40219.1
Project("{9A19103F-16F7-4668-BE54-9A1E7A4F7556}") = "ItemsManagement", "ItemsManagement\ItemsManagement.csproj", "{EF2B7B85-C43B-48A2-80A6-A393DCBF459B}"
EndProject
Global
	GlobalSection(SolutionConfigurationPlatforms) = preSolution
		Debug|Any CPU = Debug|Any CPU
		Release|Any CPU = Release|Any CPU
	EndGlobalSection
	GlobalSection(ProjectConfigurationPlatforms) = postSolution
		{EF2B7B85-C43B-48A2-80A6-A393DCBF459B}.Debug|Any CPU.ActiveCfg = Debug|Any CPU
		{EF2B7B85-C43B-48A2-80A6-A393DCBF459B}.Debug|Any CPU.Build.0 = Debug|Any CPU
		{EF2B7B85-C43B-48A2-80A6-A393DCBF459B}.Release|Any CPU.ActiveCfg = Release|Any CPU
		{EF2B7B85-C43B-48A2-80A6-A393DCBF459B}.Release|Any CPU.Build.0 = Release|Any CPU
	EndGlobalSection
	GlobalSection(SolutionProperties) = preSolution
		HideSolutionNode = FALSE
	EndGlobalSection
	GlobalSection(ExtensibilityGlobals) = postSolution
		SolutionGuid = {731B6B6B-6A55-472B-8EDF-B8F1679EB91B}
	EndGlobalSection
EndGlobal
